// !$*UTF8*$!
{
	archiveVersion = 1;
	classes = {
	};
	objectVersion = 56;
	objects = {

/* Begin PBXBuildFile section */
		7869C55F2AA5635A00704F19 /* ExpenseTracker2App.swift in Sources */ = {isa = PBXBuildFile; fileRef = 7869C55E2AA5635A00704F19 /* ExpenseTracker2App.swift */; };
		7869C5612AA5635A00704F19 /* ContentView.swift in Sources */ = {isa = PBXBuildFile; fileRef = 7869C5602AA5635A00704F19 /* ContentView.swift */; };
		7869C5632AA5635B00704F19 /* Assets.xcassets in Resources */ = {isa = PBXBuildFile; fileRef = 7869C5622AA5635B00704F19 /* Assets.xcassets */; };
		7869C5662AA5635B00704F19 /* Preview Assets.xcassets in Resources */ = {isa = PBXBuildFile; fileRef = 7869C5652AA5635B00704F19 /* Preview Assets.xcassets */; };
		7869C56E2AA563E100704F19 /* Expense.swift in Sources */ = {isa = PBXBuildFile; fileRef = 7869C56D2AA563E100704F19 /* Expense.swift */; };
		7869C5702AA5657400704F19 /* Category.swift in Sources */ = {isa = PBXBuildFile; fileRef = 7869C56F2AA5657400704F19 /* Category.swift */; };
		7869C5732AA567D300704F19 /* ExpenseView.swift in Sources */ = {isa = PBXBuildFile; fileRef = 7869C5722AA567D300704F19 /* ExpenseView.swift */; };
		7869C5752AA5682300704F19 /* CategoryView.swift in Sources */ = {isa = PBXBuildFile; fileRef = 7869C5742AA5682300704F19 /* CategoryView.swift */; };
		7869C5772AA56F3900704F19 /* NewExpense.swift in Sources */ = {isa = PBXBuildFile; fileRef = 7869C5762AA56F3900704F19 /* NewExpense.swift */; };
		7869C57A2AA5A6BE00704F19 /* Algorithms in Frameworks */ = {isa = PBXBuildFile; productRef = 7869C5792AA5A6BE00704F19 /* Algorithms */; };
		7869C57D2AA5AEF400704F19 /* extension+.swift in Sources */ = {isa = PBXBuildFile; fileRef = 7869C57C2AA5AEF400704F19 /* extension+.swift */; };
		7869C57F2AA5D8AC00704F19 /* ExpenseCard.swift in Sources */ = {isa = PBXBuildFile; fileRef = 7869C57E2AA5D8AC00704F19 /* ExpenseCard.swift */; };
/* End PBXBuildFile section */

/* Begin PBXFileReference section */
		7869C55B2AA5635A00704F19 /* ExpenseTracker2.app */ = {isa = PBXFileReference; explicitFileType = wrapper.application; includeInIndex = 0; path = ExpenseTracker2.app; sourceTree = BUILT_PRODUCTS_DIR; };
		7869C55E2AA5635A00704F19 /* ExpenseTracker2App.swift */ = {isa = PBXFileReference; lastKnownFileType = sourcecode.swift; path = ExpenseTracker2App.swift; sourceTree = "<group>"; };
		7869C5602AA5635A00704F19 /* ContentView.swift */ = {isa = PBXFileReference; lastKnownFileType = sourcecode.swift; path = ContentView.swift; sourceTree = "<group>"; };
		7869C5622AA5635B00704F19 /* Assets.xcassets */ = {isa = PBXFileReference; lastKnownFileType = folder.assetcatalog; path = Assets.xcassets; sourceTree = "<group>"; };
		7869C5652AA5635B00704F19 /* Preview Assets.xcassets */ = {isa = PBXFileReference; lastKnownFileType = folder.assetcatalog; path = "Preview Assets.xcassets"; sourceTree = "<group>"; };
		7869C56D2AA563E100704F19 /* Expense.swift */ = {isa = PBXFileReference; lastKnownFileType = sourcecode.swift; path = Expense.swift; sourceTree = "<group>"; };
		7869C56F2AA5657400704F19 /* Category.swift */ = {isa = PBXFileReference; lastKnownFileType = sourcecode.swift; path = Category.swift; sourceTree = "<group>"; };
		7869C5722AA567D300704F19 /* ExpenseView.swift */ = {isa = PBXFileReference; lastKnownFileType = sourcecode.swift; path = ExpenseView.swift; sourceTree = "<group>"; };
		7869C5742AA5682300704F19 /* CategoryView.swift */ = {isa = PBXFileReference; lastKnownFileType = sourcecode.swift; path = CategoryView.swift; sourceTree = "<group>"; };
		7869C5762AA56F3900704F19 /* NewExpense.swift */ = {isa = PBXFileReference; lastKnownFileType = sourcecode.swift; path = NewExpense.swift; sourceTree = "<group>"; };
		7869C57C2AA5AEF400704F19 /* extension+.swift */ = {isa = PBXFileReference; lastKnownFileType = sourcecode.swift; path = "extension+.swift"; sourceTree = "<group>"; };
		7869C57E2AA5D8AC00704F19 /* ExpenseCard.swift */ = {isa = PBXFileReference; lastKnownFileType = sourcecode.swift; path = ExpenseCard.swift; sourceTree = "<group>"; };
/* End PBXFileReference section */

/* Begin PBXFrameworksBuildPhase section */
		7869C5582AA5635A00704F19 /* Frameworks */ = {
			isa = PBXFrameworksBuildPhase;
			buildActionMask = 2147483647;
			files = (
				7869C57A2AA5A6BE00704F19 /* Algorithms in Frameworks */,
			);
			runOnlyForDeploymentPostprocessing = 0;
		};
/* End PBXFrameworksBuildPhase section */

/* Begin PBXGroup section */
		7869C5522AA5635A00704F19 = {
			isa = PBXGroup;
			children = (
				7869C55D2AA5635A00704F19 /* ExpenseTracker2 */,
				7869C55C2AA5635A00704F19 /* Products */,
			);
			sourceTree = "<group>";
		};
		7869C55C2AA5635A00704F19 /* Products */ = {
			isa = PBXGroup;
			children = (
				7869C55B2AA5635A00704F19 /* ExpenseTracker2.app */,
			);
			name = Products;
			sourceTree = "<group>";
		};
		7869C55D2AA5635A00704F19 /* ExpenseTracker2 */ = {
			isa = PBXGroup;
			children = (
				7869C57B2AA5AEE500704F19 /* Helper */,
				7869C5712AA567C100704F19 /* View */,
				7869C56C2AA563CB00704F19 /* Model */,
				7869C55E2AA5635A00704F19 /* ExpenseTracker2App.swift */,
				7869C5602AA5635A00704F19 /* ContentView.swift */,
				7869C5622AA5635B00704F19 /* Assets.xcassets */,
				7869C5642AA5635B00704F19 /* Preview Content */,
			);
			path = ExpenseTracker2;
			sourceTree = "<group>";
		};
		7869C5642AA5635B00704F19 /* Preview Content */ = {
			isa = PBXGroup;
			children = (
				7869C5652AA5635B00704F19 /* Preview Assets.xcassets */,
			);
			path = "Preview Content";
			sourceTree = "<group>";
		};
		7869C56C2AA563CB00704F19 /* Model */ = {
			isa = PBXGroup;
			children = (
				7869C56D2AA563E100704F19 /* Expense.swift */,
				7869C56F2AA5657400704F19 /* Category.swift */,
			);
			path = Model;
			sourceTree = "<group>";
		};
		7869C5712AA567C100704F19 /* View */ = {
			isa = PBXGroup;
			children = (
				7869C5722AA567D300704F19 /* ExpenseView.swift */,
				7869C57E2AA5D8AC00704F19 /* ExpenseCard.swift */,
				7869C5762AA56F3900704F19 /* NewExpense.swift */,
				7869C5742AA5682300704F19 /* CategoryView.swift */,
			);
			path = View;
			sourceTree = "<group>";
		};
		7869C57B2AA5AEE500704F19 /* Helper */ = {
			isa = PBXGroup;
			children = (
				7869C57C2AA5AEF400704F19 /* extension+.swift */,
			);
			path = Helper;
			sourceTree = "<group>";
		};
/* End PBXGroup section */

/* Begin PBXNativeTarget section */
		7869C55A2AA5635A00704F19 /* ExpenseTracker2 */ = {
			isa = PBXNativeTarget;
			buildConfigurationList = 7869C5692AA5635B00704F19 /* Build configuration list for PBXNativeTarget "ExpenseTracker2" */;
			buildPhases = (
				7869C5572AA5635A00704F19 /* Sources */,
				7869C5582AA5635A00704F19 /* Frameworks */,
				7869C5592AA5635A00704F19 /* Resources */,
			);
			buildRules = (
			);
			dependencies = (
			);
			name = ExpenseTracker2;
			packageProductDependencies = (
				7869C5792AA5A6BE00704F19 /* Algorithms */,
			);
			productName = ExpenseTracker2;
			productReference = 7869C55B2AA5635A00704F19 /* ExpenseTracker2.app */;
			productType = "com.apple.product-type.application";
		};
/* End PBXNativeTarget section */

/* Begin PBXProject section */
		7869C5532AA5635A00704F19 /* Project object */ = {
			isa = PBXProject;
			attributes = {
				BuildIndependentTargetsInParallel = 1;
				LastSwiftUpdateCheck = 1500;
				LastUpgradeCheck = 1500;
				TargetAttributes = {
					7869C55A2AA5635A00704F19 = {
						CreatedOnToolsVersion = 15.0;
					};
				};
			};
			buildConfigurationList = 7869C5562AA5635A00704F19 /* Build configuration list for PBXProject "ExpenseTracker2" */;
			compatibilityVersion = "Xcode 14.0";
			developmentRegion = en;
			hasScannedForEncodings = 0;
			knownRegions = (
				en,
				Base,
			);
			mainGroup = 7869C5522AA5635A00704F19;
			packageReferences = (
				7869C5782AA5A6BE00704F19 /* XCRemoteSwiftPackageReference "swift-algorithms" */,
			);
			productRefGroup = 7869C55C2AA5635A00704F19 /* Products */;
			projectDirPath = "";
			projectRoot = "";
			targets = (
				7869C55A2AA5635A00704F19 /* ExpenseTracker2 */,
			);
		};
/* End PBXProject section */

/* Begin PBXResourcesBuildPhase section */
		7869C5592AA5635A00704F19 /* Resources */ = {
			isa = PBXResourcesBuildPhase;
			buildActionMask = 2147483647;
			files = (
				7869C5662AA5635B00704F19 /* Preview Assets.xcassets in Resources */,
				7869C5632AA5635B00704F19 /* Assets.xcassets in Resources */,
			);
			runOnlyForDeploymentPostprocessing = 0;
		};
/* End PBXResourcesBuildPhase section */

/* Begin PBXSourcesBuildPhase section */
		7869C5572AA5635A00704F19 /* Sources */ = {
			isa = PBXSourcesBuildPhase;
			buildActionMask = 2147483647;
			files = (
				7869C5732AA567D300704F19 /* ExpenseView.swift in Sources */,
				7869C5772AA56F3900704F19 /* NewExpense.swift in Sources */,
				7869C56E2AA563E100704F19 /* Expense.swift in Sources */,
				7869C57D2AA5AEF400704F19 /* extension+.swift in Sources */,
				7869C5752AA5682300704F19 /* CategoryView.swift in Sources */,
				7869C5612AA5635A00704F19 /* ContentView.swift in Sources */,
				7869C57F2AA5D8AC00704F19 /* ExpenseCard.swift in Sources */,
				7869C55F2AA5635A00704F19 /* ExpenseTracker2App.swift in Sources */,
				7869C5702AA5657400704F19 /* Category.swift in Sources */,
			);
			runOnlyForDeploymentPostprocessing = 0;
		};
/* End PBXSourcesBuildPhase section */

/* Begin XCBuildConfiguration section */
		7869C5672AA5635B00704F19 /* Debug */ = {
			isa = XCBuildConfiguration;
			buildSettings = {
				ALWAYS_SEARCH_USER_PATHS = NO;
				ASSETCATALOG_COMPILER_GENERATE_SWIFT_ASSET_SYMBOL_EXTENSIONS = YES;
				CLANG_ANALYZER_NONNULL = YES;
				CLANG_ANALYZER_NUMBER_OBJECT_CONVERSION = YES_AGGRESSIVE;
				CLANG_CXX_LANGUAGE_STANDARD = "gnu++20";
				CLANG_ENABLE_MODULES = YES;
				CLANG_ENABLE_OBJC_ARC = YES;
				CLANG_ENABLE_OBJC_WEAK = YES;
				CLANG_WARN_BLOCK_CAPTURE_AUTORELEASING = YES;
				CLANG_WARN_BOOL_CONVERSION = YES;
				CLANG_WARN_COMMA = YES;
				CLANG_WARN_CONSTANT_CONVERSION = YES;
				CLANG_WARN_DEPRECATED_OBJC_IMPLEMENTATIONS = YES;
				CLANG_WARN_DIRECT_OBJC_ISA_USAGE = YES_ERROR;
				CLANG_WARN_DOCUMENTATION_COMMENTS = YES;
				CLANG_WARN_EMPTY_BODY = YES;
				CLANG_WARN_ENUM_CONVERSION = YES;
				CLANG_WARN_INFINITE_RECURSION = YES;
				CLANG_WARN_INT_CONVERSION = YES;
				CLANG_WARN_NON_LITERAL_NULL_CONVERSION = YES;
				CLANG_WARN_OBJC_IMPLICIT_RETAIN_SELF = YES;
				CLANG_WARN_OBJC_LITERAL_CONVERSION = YES;
				CLANG_WARN_OBJC_ROOT_CLASS = YES_ERROR;
				CLANG_WARN_QUOTED_INCLUDE_IN_FRAMEWORK_HEADER = YES;
				CLANG_WARN_RANGE_LOOP_ANALYSIS = YES;
				CLANG_WARN_STRICT_PROTOTYPES = YES;
				CLANG_WARN_SUSPICIOUS_MOVE = YES;
				CLANG_WARN_UNGUARDED_AVAILABILITY = YES_AGGRESSIVE;
				CLANG_WARN_UNREACHABLE_CODE = YES;
				CLANG_WARN__DUPLICATE_METHOD_MATCH = YES;
				COPY_PHASE_STRIP = NO;
				DEBUG_INFORMATION_FORMAT = dwarf;
				ENABLE_STRICT_OBJC_MSGSEND = YES;
				ENABLE_TESTABILITY = YES;
				ENABLE_USER_SCRIPT_SANDBOXING = YES;
				GCC_C_LANGUAGE_STANDARD = gnu17;
				GCC_DYNAMIC_NO_PIC = NO;
				GCC_NO_COMMON_BLOCKS = YES;
				GCC_OPTIMIZATION_LEVEL = 0;
				GCC_PREPROCESSOR_DEFINITIONS = (
					"DEBUG=1",
					"$(inherited)",
				);
				GCC_WARN_64_TO_32_BIT_CONVERSION = YES;
				GCC_WARN_ABOUT_RETURN_TYPE = YES_ERROR;
				GCC_WARN_UNDECLARED_SELECTOR = YES;
				GCC_WARN_UNINITIALIZED_AUTOS = YES_AGGRESSIVE;
				GCC_WARN_UNUSED_FUNCTION = YES;
				GCC_WARN_UNUSED_VARIABLE = YES;
				IPHONEOS_DEPLOYMENT_TARGET = 17.0;
				LOCALIZATION_PREFERS_STRING_CATALOGS = YES;
				MTL_ENABLE_DEBUG_INFO = INCLUDE_SOURCE;
				MTL_FAST_MATH = YES;
				ONLY_ACTIVE_ARCH = YES;
				SDKROOT = iphoneos;
				SWIFT_ACTIVE_COMPILATION_CONDITIONS = "DEBUG $(inherited)";
				SWIFT_OPTIMIZATION_LEVEL = "-Onone";
			};
			name = Debug;
		};
		7869C5682AA5635B00704F19 /* Release */ = {
			isa = XCBuildConfiguration;
			buildSettings = {
				ALWAYS_SEARCH_USER_PATHS = NO;
				ASSETCATALOG_COMPILER_GENERATE_SWIFT_ASSET_SYMBOL_EXTENSIONS = YES;
				CLANG_ANALYZER_NONNULL = YES;
				CLANG_ANALYZER_NUMBER_OBJECT_CONVERSION = YES_AGGRESSIVE;
				CLANG_CXX_LANGUAGE_STANDARD = "gnu++20";
				CLANG_ENABLE_MODULES = YES;
				CLANG_ENABLE_OBJC_ARC = YES;
				CLANG_ENABLE_OBJC_WEAK = YES;
				CLANG_WARN_BLOCK_CAPTURE_AUTORELEASING = YES;
				CLANG_WARN_BOOL_CONVERSION = YES;
				CLANG_WARN_COMMA = YES;
				CLANG_WARN_CONSTANT_CONVERSION = YES;
				CLANG_WARN_DEPRECATED_OBJC_IMPLEMENTATIONS = YES;
				CLANG_WARN_DIRECT_OBJC_ISA_USAGE = YES_ERROR;
				CLANG_WARN_DOCUMENTATION_COMMENTS = YES;
				CLANG_WARN_EMPTY_BODY = YES;
				CLANG_WARN_ENUM_CONVERSION = YES;
				CLANG_WARN_INFINITE_RECURSION = YES;
				CLANG_WARN_INT_CONVERSION = YES;
				CLANG_WARN_NON_LITERAL_NULL_CONVERSION = YES;
				CLANG_WARN_OBJC_IMPLICIT_RETAIN_SELF = YES;
				CLANG_WARN_OBJC_LITERAL_CONVERSION = YES;
				CLANG_WARN_OBJC_ROOT_CLASS = YES_ERROR;
				CLANG_WARN_QUOTED_INCLUDE_IN_FRAMEWORK_HEADER = YES;
				CLANG_WARN_RANGE_LOOP_ANALYSIS = YES;
				CLANG_WARN_STRICT_PROTOTYPES = YES;
				CLANG_WARN_SUSPICIOUS_MOVE = YES;
				CLANG_WARN_UNGUARDED_AVAILABILITY = YES_AGGRESSIVE;
				CLANG_WARN_UNREACHABLE_CODE = YES;
				CLANG_WARN__DUPLICATE_METHOD_MATCH = YES;
				COPY_PHASE_STRIP = NO;
				DEBUG_INFORMATION_FORMAT = "dwarf-with-dsym";
				ENABLE_NS_ASSERTIONS = NO;
				ENABLE_STRICT_OBJC_MSGSEND = YES;
				ENABLE_USER_SCRIPT_SANDBOXING = YES;
				GCC_C_LANGUAGE_STANDARD = gnu17;
				GCC_NO_COMMON_BLOCKS = YES;
				GCC_WARN_64_TO_32_BIT_CONVERSION = YES;
				GCC_WARN_ABOUT_RETURN_TYPE = YES_ERROR;
				GCC_WARN_UNDECLARED_SELECTOR = YES;
				GCC_WARN_UNINITIALIZED_AUTOS = YES_AGGRESSIVE;
				GCC_WARN_UNUSED_FUNCTION = YES;
				GCC_WARN_UNUSED_VARIABLE = YES;
				IPHONEOS_DEPLOYMENT_TARGET = 17.0;
				LOCALIZATION_PREFERS_STRING_CATALOGS = YES;
				MTL_ENABLE_DEBUG_INFO = NO;
				MTL_FAST_MATH = YES;
				SDKROOT = iphoneos;
				SWIFT_COMPILATION_MODE = wholemodule;
				VALIDATE_PRODUCT = YES;
			};
			name = Release;
		};
		7869C56A2AA5635B00704F19 /* Debug */ = {
			isa = XCBuildConfiguration;
			buildSettings = {
				ASSETCATALOG_COMPILER_APPICON_NAME = AppIcon;
				ASSETCATALOG_COMPILER_GLOBAL_ACCENT_COLOR_NAME = AccentColor;
				CODE_SIGN_STYLE = Automatic;
				CURRENT_PROJECT_VERSION = 1;
				DEVELOPMENT_ASSET_PATHS = "\"ExpenseTracker2/Preview Content\"";
				DEVELOPMENT_TEAM = 6KG7Q7B785;
				ENABLE_PREVIEWS = YES;
				GENERATE_INFOPLIST_FILE = YES;
				INFOPLIST_KEY_UIApplicationSceneManifest_Generation = YES;
				INFOPLIST_KEY_UIApplicationSupportsIndirectInputEvents = YES;
				INFOPLIST_KEY_UILaunchScreen_Generation = YES;
				INFOPLIST_KEY_UISupportedInterfaceOrientations_iPad = "UIInterfaceOrientationPortrait UIInterfaceOrientationPortraitUpsideDown UIInterfaceOrientationLandscapeLeft UIInterfaceOrientationLandscapeRight";
				INFOPLIST_KEY_UISupportedInterfaceOrientations_iPhone = "UIInterfaceOrientationPortrait UIInterfaceOrientationLandscapeLeft UIInterfaceOrientationLandscapeRight";
				LD_RUNPATH_SEARCH_PATHS = (
					"$(inherited)",
					"@executable_path/Frameworks",
				);
				MARKETING_VERSION = 1.0;
				PRODUCT_BUNDLE_IDENTIFIER = carberrychai.ExpenseTracker2;
				PRODUCT_NAME = "$(TARGET_NAME)";
				SWIFT_EMIT_LOC_STRINGS = YES;
				SWIFT_VERSION = 5.0;
				TARGETED_DEVICE_FAMILY = "1,2";
			};
			name = Debug;
		};
		7869C56B2AA5635B00704F19 /* Release */ = {
			isa = XCBuildConfiguration;
			buildSettings = {
				ASSETCATALOG_COMPILER_APPICON_NAME = AppIcon;
				ASSETCATALOG_COMPILER_GLOBAL_ACCENT_COLOR_NAME = AccentColor;
				CODE_SIGN_STYLE = Automatic;
				CURRENT_PROJECT_VERSION = 1;
				DEVELOPMENT_ASSET_PATHS = "\"ExpenseTracker2/Preview Content\"";
				DEVELOPMENT_TEAM = 6KG7Q7B785;
				ENABLE_PREVIEWS = YES;
				GENERATE_INFOPLIST_FILE = YES;
				INFOPLIST_KEY_UIApplicationSceneManifest_Generation = YES;
				INFOPLIST_KEY_UIApplicationSupportsIndirectInputEvents = YES;
				INFOPLIST_KEY_UILaunchScreen_Generation = YES;
				INFOPLIST_KEY_UISupportedInterfaceOrientations_iPad = "UIInterfaceOrientationPortrait UIInterfaceOrientationPortraitUpsideDown UIInterfaceOrientationLandscapeLeft UIInterfaceOrientationLandscapeRight";
				INFOPLIST_KEY_UISupportedInterfaceOrientations_iPhone = "UIInterfaceOrientationPortrait UIInterfaceOrientationLandscapeLeft UIInterfaceOrientationLandscapeRight";
				LD_RUNPATH_SEARCH_PATHS = (
					"$(inherited)",
					"@executable_path/Frameworks",
				);
				MARKETING_VERSION = 1.0;
				PRODUCT_BUNDLE_IDENTIFIER = carberrychai.ExpenseTracker2;
				PRODUCT_NAME = "$(TARGET_NAME)";
				SWIFT_EMIT_LOC_STRINGS = YES;
				SWIFT_VERSION = 5.0;
				TARGETED_DEVICE_FAMILY = "1,2";
			};
			name = Release;
		};
/* End XCBuildConfiguration section */

/* Begin XCConfigurationList section */
		7869C5562AA5635A00704F19 /* Build configuration list for PBXProject "ExpenseTracker2" */ = {
			isa = XCConfigurationList;
			buildConfigurations = (
				7869C5672AA5635B00704F19 /* Debug */,
				7869C5682AA5635B00704F19 /* Release */,
			);
			defaultConfigurationIsVisible = 0;
			defaultConfigurationName = Release;
		};
		7869C5692AA5635B00704F19 /* Build configuration list for PBXNativeTarget "ExpenseTracker2" */ = {
			isa = XCConfigurationList;
			buildConfigurations = (
				7869C56A2AA5635B00704F19 /* Debug */,
				7869C56B2AA5635B00704F19 /* Release */,
			);
			defaultConfigurationIsVisible = 0;
			defaultConfigurationName = Release;
		};
/* End XCConfigurationList section */

/* Begin XCRemoteSwiftPackageReference section */
		7869C5782AA5A6BE00704F19 /* XCRemoteSwiftPackageReference "swift-algorithms" */ = {
			isa = XCRemoteSwiftPackageReference;
			repositoryURL = "https://github.com/apple/swift-algorithms.git";
			requirement = {
				kind = upToNextMajorVersion;
				minimumVersion = 1.0.0;
			};
		};
/* End XCRemoteSwiftPackageReference section */

/* Begin XCSwiftPackageProductDependency section */
		7869C5792AA5A6BE00704F19 /* Algorithms */ = {
			isa = XCSwiftPackageProductDependency;
			package = 7869C5782AA5A6BE00704F19 /* XCRemoteSwiftPackageReference "swift-algorithms" */;
			productName = Algorithms;
		};
/* End XCSwiftPackageProductDependency section */
	};
	rootObject = 7869C5532AA5635A00704F19 /* Project object */;
}
